
Microsoft Visual Studio Solution File, Format Version 12.00
# Visual Studio 15
VisualStudioVersion = 15.0.28307.539
MinimumVisualStudioVersion = 10.0.40219.1
Project("{FAE04EC0-301F-11D3-BF4B-00C04F79EFBC}") = "WAFSQLDemo", "WAFSQLDemo\WAFSQLDemo.csproj", "{B320CBD7-FDDD-42F6-BB1D-A151D9A5BC8D}"
EndProject
Global
	GlobalSection(SolutionConfigurationPlatforms) = preSolution
		Debug|Any CPU = Debug|Any CPU
		Release|Any CPU = Release|Any CPU
	EndGlobalSection
	GlobalSection(ProjectConfigurationPlatforms) = postSolution
		{B320CBD7-FDDD-42F6-BB1D-A151D9A5BC8D}.Debug|Any CPU.ActiveCfg = Debug|Any CPU
		{B320CBD7-FDDD-42F6-BB1D-A151D9A5BC8D}.Debug|Any CPU.Build.0 = Debug|Any CPU
		{B320CBD7-FDDD-42F6-BB1D-A151D9A5BC8D}.Release|Any CPU.ActiveCfg = Release|Any CPU
		{B320CBD7-FDDD-42F6-BB1D-A151D9A5BC8D}.Release|Any CPU.Build.0 = Release|Any CPU
	EndGlobalSection
	GlobalSection(SolutionProperties) = preSolution
		HideSolutionNode = FALSE
	EndGlobalSection
	GlobalSection(ExtensibilityGlobals) = postSolution
		SolutionGuid = {6FDC39EF-1B86-48F3-A9EF-F910F67ACEA9}
	EndGlobalSection
EndGlobal
